
Microsoft Visual Studio Solution File, Format Version 12.00
# Visual Studio 15
VisualStudioVersion = 15.0.26730.16
MinimumVisualStudioVersion = 10.0.40219.1
Project("{8BC9CEB8-8B4A-11D0-8D11-00A0C91BC942}") = "Core", "Core\Core.vcxproj", "{23D5EC50-E5AD-4731-8078-816056E63DBA}"
EndProject
Global
	GlobalSection(SolutionConfigurationPlatforms) = preSolution
		Debug|x64 = Debug|x64
		Debug|x86 = Debug|x86
		Release|x64 = Release|x64
		Release|x86 = Release|x86
	EndGlobalSection
	GlobalSection(ProjectConfigurationPlatforms) = postSolution
		{23D5EC50-E5AD-4731-8078-816056E63DBA}.Debug|x64.ActiveCfg = Debug|x64
		{23D5EC50-E5AD-4731-8078-816056E63DBA}.Debug|x64.Build.0 = Debug|x64
		{23D5EC50-E5AD-4731-8078-816056E63DBA}.Debug|x86.ActiveCfg = Debug|Win32
		{23D5EC50-E5AD-4731-8078-816056E63DBA}.Debug|x86.Build.0 = Debug|Win32
		{23D5EC50-E5AD-4731-8078-816056E63DBA}.Release|x64.ActiveCfg = Release|x64
		{23D5EC50-E5AD-4731-8078-816056E63DBA}.Release|x64.Build.0 = Release|x64
		{23D5EC50-E5AD-4731-8078-816056E63DBA}.Release|x86.ActiveCfg = Release|Win32
		{23D5EC50-E5AD-4731-8078-816056E63DBA}.Release|x86.Build.0 = Release|Win32
	EndGlobalSection
	GlobalSection(SolutionProperties) = preSolution
		HideSolutionNode = FALSE
	EndGlobalSection
	GlobalSection(ExtensibilityGlobals) = postSolution
		SolutionGuid = {E2EF7196-BA12-4988-A73D-698D1F6B799C}
	EndGlobalSection
EndGlobal
