
Microsoft Visual Studio Solution File, Format Version 12.00
# Visual Studio 15
VisualStudioVersion = 15.0.26730.16
MinimumVisualStudioVersion = 10.0.40219.1
Project("{8BC9CEB8-8B4A-11D0-8D11-00A0C91BC942}") = "sudoku", "sudoku.vcxproj", "{7B5381F4-9E83-47A7-80EC-B4B0147DCE0E}"
EndProject
Project("{8BC9CEB8-8B4A-11D0-8D11-00A0C91BC942}") = "UnitTest", "UnitTest\UnitTest.vcxproj", "{30C76A6A-3DFB-4ED0-B71A-BABA4DAE761C}"
EndProject
Global
	GlobalSection(SolutionConfigurationPlatforms) = preSolution
		Debug|x64 = Debug|x64
		Debug|x86 = Debug|x86
		Release|x64 = Release|x64
		Release|x86 = Release|x86
	EndGlobalSection
	GlobalSection(ProjectConfigurationPlatforms) = postSolution
		{7B5381F4-9E83-47A7-80EC-B4B0147DCE0E}.Debug|x64.ActiveCfg = Debug|x64
		{7B5381F4-9E83-47A7-80EC-B4B0147DCE0E}.Debug|x64.Build.0 = Debug|x64
		{7B5381F4-9E83-47A7-80EC-B4B0147DCE0E}.Debug|x86.ActiveCfg = Debug|Win32
		{7B5381F4-9E83-47A7-80EC-B4B0147DCE0E}.Debug|x86.Build.0 = Debug|Win32
		{7B5381F4-9E83-47A7-80EC-B4B0147DCE0E}.Release|x64.ActiveCfg = Release|x64
		{7B5381F4-9E83-47A7-80EC-B4B0147DCE0E}.Release|x64.Build.0 = Release|x64
		{7B5381F4-9E83-47A7-80EC-B4B0147DCE0E}.Release|x86.ActiveCfg = Release|Win32
		{7B5381F4-9E83-47A7-80EC-B4B0147DCE0E}.Release|x86.Build.0 = Release|Win32
		{30C76A6A-3DFB-4ED0-B71A-BABA4DAE761C}.Debug|x64.ActiveCfg = Debug|x64
		{30C76A6A-3DFB-4ED0-B71A-BABA4DAE761C}.Debug|x64.Build.0 = Debug|x64
		{30C76A6A-3DFB-4ED0-B71A-BABA4DAE761C}.Debug|x86.ActiveCfg = Debug|Win32
		{30C76A6A-3DFB-4ED0-B71A-BABA4DAE761C}.Debug|x86.Build.0 = Debug|Win32
		{30C76A6A-3DFB-4ED0-B71A-BABA4DAE761C}.Release|x64.ActiveCfg = Release|x64
		{30C76A6A-3DFB-4ED0-B71A-BABA4DAE761C}.Release|x64.Build.0 = Release|x64
		{30C76A6A-3DFB-4ED0-B71A-BABA4DAE761C}.Release|x86.ActiveCfg = Release|Win32
		{30C76A6A-3DFB-4ED0-B71A-BABA4DAE761C}.Release|x86.Build.0 = Release|Win32
	EndGlobalSection
	GlobalSection(SolutionProperties) = preSolution
		HideSolutionNode = FALSE
	EndGlobalSection
	GlobalSection(ExtensibilityGlobals) = postSolution
		SolutionGuid = {B49F5773-6718-43F9-953D-DE1A93013BCF}
	EndGlobalSection
EndGlobal
